
Microsoft Visual Studio Solution File, Format Version 12.00
# Visual Studio Version 16
VisualStudioVersion = 16.0.32901.82
MinimumVisualStudioVersion = 10.0.40219.1
Project("{9A19103F-16F7-4668-BE54-9A1E7A4F7556}") = "KJ0BWK_HFT_2022231.Client", "KJ0BWK_HFT_2022231.Client\KJ0BWK_HFT_2022231.Client.csproj", "{3437E33E-5E55-471D-9955-FC102FC4EBFE}"
EndProject
Project("{9A19103F-16F7-4668-BE54-9A1E7A4F7556}") = "KJ0BWK_HFT_2022231.Models", "KJ0BWK_HFT_2022231.Models\KJ0BWK_HFT_2022231.Models.csproj", "{879C31E2-42D5-4BCB-A1C4-A3F262C694FA}"
EndProject
Project("{9A19103F-16F7-4668-BE54-9A1E7A4F7556}") = "KJ0BWK_HFT_2022231.Logic", "KJ0BWK_HFT_2022231.Logic\KJ0BWK_HFT_2022231.Logic.csproj", "{12620098-C091-48B5-B783-9A0EF22407E7}"
EndProject
Project("{9A19103F-16F7-4668-BE54-9A1E7A4F7556}") = "KJ0BWK_HFT_2022231.Repository", "KJ0BWK_HFT_2022231.Repository\KJ0BWK_HFT_2022231.Repository.csproj", "{DADC1FA8-9A64-4C18-AFAE-66D2B538180A}"
EndProject
Project("{9A19103F-16F7-4668-BE54-9A1E7A4F7556}") = "KJ0BWK_HFT_2022231.EndPoint", "KJ0BWK_HFT_2022231.EndPoint\KJ0BWK_HFT_2022231.EndPoint.csproj", "{B0690C28-2E16-4232-9700-70761A8EC2DC}"
EndProject
Project("{2150E333-8FDC-42A3-9474-1A3956D46DE8}") = "Backend", "Backend", "{09CD6C31-2D90-49A9-8A73-10E0B9901A4E}"
EndProject
Project("{2150E333-8FDC-42A3-9474-1A3956D46DE8}") = "Frontend", "Frontend", "{6B9B3EBD-1532-42D5-ABAB-2BF5A9EC74A4}"
EndProject
Project("{2150E333-8FDC-42A3-9474-1A3956D46DE8}") = "Shared", "Shared", "{51ABB41B-F5C5-48F7-B824-523C145D0CF2}"
EndProject
Project("{9A19103F-16F7-4668-BE54-9A1E7A4F7556}") = "KJ0BWK_HFT_2022231.Test", "KJ0BWK_HFT_2022231.Test\KJ0BWK_HFT_2022231.Test.csproj", "{C1577EDA-36A5-475B-A60D-D91EB4D8B6A8}"
EndProject
Project("{2150E333-8FDC-42A3-9474-1A3956D46DE8}") = "Others", "Others", "{46FA3B36-3E53-40F2-B0BF-164853D34224}"
	ProjectSection(SolutionItems) = preProject
		.gitignore = .gitignore
	EndProjectSection
EndProject
Project("{9A19103F-16F7-4668-BE54-9A1E7A4F7556}") = "KJ0BWK_WpfClient", "KJ0BWK_WpfClient\KJ0BWK_WpfClient.csproj", "{E26F838D-BFAA-4A87-903C-90392F218BC1}"
EndProject
Project("{FAE04EC0-301F-11D3-BF4B-00C04F79EFBC}") = "KJ0BWK_JSClient", "KJ0BWK_JSClient\KJ0BWK_JSClient.csproj", "{F2498261-15E8-4FBD-9829-023C291AD910}"
EndProject
Global
	GlobalSection(SolutionConfigurationPlatforms) = preSolution
		Debug|Any CPU = Debug|Any CPU
		Release|Any CPU = Release|Any CPU
	EndGlobalSection
	GlobalSection(ProjectConfigurationPlatforms) = postSolution
		{3437E33E-5E55-471D-9955-FC102FC4EBFE}.Debug|Any CPU.ActiveCfg = Debug|Any CPU
		{3437E33E-5E55-471D-9955-FC102FC4EBFE}.Debug|Any CPU.Build.0 = Debug|Any CPU
		{3437E33E-5E55-471D-9955-FC102FC4EBFE}.Release|Any CPU.ActiveCfg = Release|Any CPU
		{3437E33E-5E55-471D-9955-FC102FC4EBFE}.Release|Any CPU.Build.0 = Release|Any CPU
		{879C31E2-42D5-4BCB-A1C4-A3F262C694FA}.Debug|Any CPU.ActiveCfg = Debug|Any CPU
		{879C31E2-42D5-4BCB-A1C4-A3F262C694FA}.Debug|Any CPU.Build.0 = Debug|Any CPU
		{879C31E2-42D5-4BCB-A1C4-A3F262C694FA}.Release|Any CPU.ActiveCfg = Release|Any CPU
		{879C31E2-42D5-4BCB-A1C4-A3F262C694FA}.Release|Any CPU.Build.0 = Release|Any CPU
		{12620098-C091-48B5-B783-9A0EF22407E7}.Debug|Any CPU.ActiveCfg = Debug|Any CPU
		{12620098-C091-48B5-B783-9A0EF22407E7}.Debug|Any CPU.Build.0 = Debug|Any CPU
		{12620098-C091-48B5-B783-9A0EF22407E7}.Release|Any CPU.ActiveCfg = Release|Any CPU
		{12620098-C091-48B5-B783-9A0EF22407E7}.Release|Any CPU.Build.0 = Release|Any CPU
		{DADC1FA8-9A64-4C18-AFAE-66D2B538180A}.Debug|Any CPU.ActiveCfg = Debug|Any CPU
		{DADC1FA8-9A64-4C18-AFAE-66D2B538180A}.Debug|Any CPU.Build.0 = Debug|Any CPU
		{DADC1FA8-9A64-4C18-AFAE-66D2B538180A}.Release|Any CPU.ActiveCfg = Release|Any CPU
		{DADC1FA8-9A64-4C18-AFAE-66D2B538180A}.Release|Any CPU.Build.0 = Release|Any CPU
		{B0690C28-2E16-4232-9700-70761A8EC2DC}.Debug|Any CPU.ActiveCfg = Debug|Any CPU
		{B0690C28-2E16-4232-9700-70761A8EC2DC}.Debug|Any CPU.Build.0 = Debug|Any CPU
		{B0690C28-2E16-4232-9700-70761A8EC2DC}.Release|Any CPU.ActiveCfg = Release|Any CPU
		{B0690C28-2E16-4232-9700-70761A8EC2DC}.Release|Any CPU.Build.0 = Release|Any CPU
		{C1577EDA-36A5-475B-A60D-D91EB4D8B6A8}.Debug|Any CPU.ActiveCfg = Debug|Any CPU
		{C1577EDA-36A5-475B-A60D-D91EB4D8B6A8}.Debug|Any CPU.Build.0 = Debug|Any CPU
		{C1577EDA-36A5-475B-A60D-D91EB4D8B6A8}.Release|Any CPU.ActiveCfg = Release|Any CPU
		{C1577EDA-36A5-475B-A60D-D91EB4D8B6A8}.Release|Any CPU.Build.0 = Release|Any CPU
		{E26F838D-BFAA-4A87-903C-90392F218BC1}.Debug|Any CPU.ActiveCfg = Debug|Any CPU
		{E26F838D-BFAA-4A87-903C-90392F218BC1}.Debug|Any CPU.Build.0 = Debug|Any CPU
		{E26F838D-BFAA-4A87-903C-90392F218BC1}.Release|Any CPU.ActiveCfg = Release|Any CPU
		{E26F838D-BFAA-4A87-903C-90392F218BC1}.Release|Any CPU.Build.0 = Release|Any CPU
		{F2498261-15E8-4FBD-9829-023C291AD910}.Debug|Any CPU.ActiveCfg = Debug|Any CPU
		{F2498261-15E8-4FBD-9829-023C291AD910}.Debug|Any CPU.Build.0 = Debug|Any CPU
		{F2498261-15E8-4FBD-9829-023C291AD910}.Release|Any CPU.ActiveCfg = Release|Any CPU
		{F2498261-15E8-4FBD-9829-023C291AD910}.Release|Any CPU.Build.0 = Release|Any CPU
	EndGlobalSection
	GlobalSection(SolutionProperties) = preSolution
		HideSolutionNode = FALSE
	EndGlobalSection
	GlobalSection(NestedProjects) = preSolution
		{3437E33E-5E55-471D-9955-FC102FC4EBFE} = {6B9B3EBD-1532-42D5-ABAB-2BF5A9EC74A4}
		{879C31E2-42D5-4BCB-A1C4-A3F262C694FA} = {51ABB41B-F5C5-48F7-B824-523C145D0CF2}
		{12620098-C091-48B5-B783-9A0EF22407E7} = {09CD6C31-2D90-49A9-8A73-10E0B9901A4E}
		{DADC1FA8-9A64-4C18-AFAE-66D2B538180A} = {09CD6C31-2D90-49A9-8A73-10E0B9901A4E}
		{B0690C28-2E16-4232-9700-70761A8EC2DC} = {09CD6C31-2D90-49A9-8A73-10E0B9901A4E}
		{C1577EDA-36A5-475B-A60D-D91EB4D8B6A8} = {09CD6C31-2D90-49A9-8A73-10E0B9901A4E}
		{E26F838D-BFAA-4A87-903C-90392F218BC1} = {6B9B3EBD-1532-42D5-ABAB-2BF5A9EC74A4}
	EndGlobalSection
	GlobalSection(ExtensibilityGlobals) = postSolution
		SolutionGuid = {DE37F3A8-5939-41EC-82EF-0F161BC99B09}
	EndGlobalSection
EndGlobal
